
Microsoft Visual Studio Solution File, Format Version 12.00
# Visual Studio Version 16
VisualStudioVersion = 16.0.30517.126
MinimumVisualStudioVersion = 10.0.40219.1
Project("{FAE04EC0-301F-11D3-BF4B-00C04F79EFBC}") = "Simple Mapeo de Pixeles", "Simple Mapeo de Pixeles.csproj", "{B54618D5-1A48-4C32-B1C2-DF1BF793FFAA}"
EndProject
Global
	GlobalSection(SolutionConfigurationPlatforms) = preSolution
		Debug|Any CPU = Debug|Any CPU
		Release|Any CPU = Release|Any CPU
	EndGlobalSection
	GlobalSection(ProjectConfigurationPlatforms) = postSolution
		{B54618D5-1A48-4C32-B1C2-DF1BF793FFAA}.Debug|Any CPU.ActiveCfg = Debug|Any CPU
		{B54618D5-1A48-4C32-B1C2-DF1BF793FFAA}.Debug|Any CPU.Build.0 = Debug|Any CPU
		{B54618D5-1A48-4C32-B1C2-DF1BF793FFAA}.Release|Any CPU.ActiveCfg = Release|Any CPU
		{B54618D5-1A48-4C32-B1C2-DF1BF793FFAA}.Release|Any CPU.Build.0 = Release|Any CPU
	EndGlobalSection
	GlobalSection(SolutionProperties) = preSolution
		HideSolutionNode = FALSE
	EndGlobalSection
	GlobalSection(ExtensibilityGlobals) = postSolution
		SolutionGuid = {173E0C84-A331-4E89-A346-5C970DE1F7E2}
	EndGlobalSection
EndGlobal
